// !$*UTF8*$!
{
	archiveVersion = 1;
	classes = {
	};
	objectVersion = 46;
	objects = {

/* Begin PBXBuildFile section */
		F36190801CA982C300777665 /* AppDelegate.swift in Sources */ = {isa = PBXBuildFile; fileRef = F361907F1CA982C300777665 /* AppDelegate.swift */; };
		F36190821CA982C300777665 /* ViewController.swift in Sources */ = {isa = PBXBuildFile; fileRef = F36190811CA982C300777665 /* ViewController.swift */; };
		F36190851CA982C300777665 /* Main.storyboard in Resources */ = {isa = PBXBuildFile; fileRef = F36190831CA982C300777665 /* Main.storyboard */; };
		F36190871CA982C300777665 /* Assets.xcassets in Resources */ = {isa = PBXBuildFile; fileRef = F36190861CA982C300777665 /* Assets.xcassets */; };
		F361908A1CA982C300777665 /* LaunchScreen.storyboard in Resources */ = {isa = PBXBuildFile; fileRef = F36190881CA982C300777665 /* LaunchScreen.storyboard */; };
		F36190921CAC0FFF00777665 /* dragImg.swift in Sources */ = {isa = PBXBuildFile; fileRef = F36190911CAC0FFF00777665 /* dragImg.swift */; };
		F36190941CAD2BED00777665 /* monsterImg.swift in Sources */ = {isa = PBXBuildFile; fileRef = F36190931CAD2BED00777665 /* monsterImg.swift */; };
/* End PBXBuildFile section */

/* Begin PBXFileReference section */
		F361907C1CA982C300777665 /* myLittleMonster.app */ = {isa = PBXFileReference; explicitFileType = wrapper.application; includeInIndex = 0; path = myLittleMonster.app; sourceTree = BUILT_PRODUCTS_DIR; };
		F361907F1CA982C300777665 /* AppDelegate.swift */ = {isa = PBXFileReference; lastKnownFileType = sourcecode.swift; path = AppDelegate.swift; sourceTree = "<group>"; };
		F36190811CA982C300777665 /* ViewController.swift */ = {isa = PBXFileReference; lastKnownFileType = sourcecode.swift; path = ViewController.swift; sourceTree = "<group>"; };
		F36190841CA982C300777665 /* Base */ = {isa = PBXFileReference; lastKnownFileType = file.storyboard; name = Base; path = Base.lproj/Main.storyboard; sourceTree = "<group>"; };
		F36190861CA982C300777665 /* Assets.xcassets */ = {isa = PBXFileReference; lastKnownFileType = folder.assetcatalog; path = Assets.xcassets; sourceTree = "<group>"; };
		F36190891CA982C300777665 /* Base */ = {isa = PBXFileReference; lastKnownFileType = file.storyboard; name = Base; path = Base.lproj/LaunchScreen.storyboard; sourceTree = "<group>"; };
		F361908B1CA982C300777665 /* Info.plist */ = {isa = PBXFileReference; lastKnownFileType = text.plist.xml; path = Info.plist; sourceTree = "<group>"; };
		F36190911CAC0FFF00777665 /* dragImg.swift */ = {isa = PBXFileReference; fileEncoding = 4; lastKnownFileType = sourcecode.swift; path = dragImg.swift; sourceTree = "<group>"; };
		F36190931CAD2BED00777665 /* monsterImg.swift */ = {isa = PBXFileReference; fileEncoding = 4; lastKnownFileType = sourcecode.swift; path = monsterImg.swift; sourceTree = "<group>"; };
/* End PBXFileReference section */

/* Begin PBXFrameworksBuildPhase section */
		F36190791CA982C300777665 /* Frameworks */ = {
			isa = PBXFrameworksBuildPhase;
			buildActionMask = 2147483647;
			files = (
			);
			runOnlyForDeploymentPostprocessing = 0;
		};
/* End PBXFrameworksBuildPhase section */

/* Begin PBXGroup section */
		F36190731CA982C300777665 = {
			isa = PBXGroup;
			children = (
				F361907E1CA982C300777665 /* myLittleMonster */,
				F361907D1CA982C300777665 /* Products */,
			);
			sourceTree = "<group>";
		};
		F361907D1CA982C300777665 /* Products */ = {
			isa = PBXGroup;
			children = (
				F361907C1CA982C300777665 /* myLittleMonster.app */,
			);
			name = Products;
			sourceTree = "<group>";
		};
		F361907E1CA982C300777665 /* myLittleMonster */ = {
			isa = PBXGroup;
			children = (
				F361907F1CA982C300777665 /* AppDelegate.swift */,
				F36190811CA982C300777665 /* ViewController.swift */,
				F36190911CAC0FFF00777665 /* dragImg.swift */,
				F36190831CA982C300777665 /* Main.storyboard */,
				F36190861CA982C300777665 /* Assets.xcassets */,
				F36190881CA982C300777665 /* LaunchScreen.storyboard */,
				F361908B1CA982C300777665 /* Info.plist */,
				F36190931CAD2BED00777665 /* monsterImg.swift */,
			);
			path = myLittleMonster;
			sourceTree = "<group>";
		};
/* End PBXGroup section */

/* Begin PBXNativeTarget section */
		F361907B1CA982C300777665 /* myLittleMonster */ = {
			isa = PBXNativeTarget;
			buildConfigurationList = F361908E1CA982C300777665 /* Build configuration list for PBXNativeTarget "myLittleMonster" */;
			buildPhases = (
				F36190781CA982C300777665 /* Sources */,
				F36190791CA982C300777665 /* Frameworks */,
				F361907A1CA982C300777665 /* Resources */,
			);
			buildRules = (
			);
			dependencies = (
			);
			name = myLittleMonster;
			productName = myLittleMonster;
			productReference = F361907C1CA982C300777665 /* myLittleMonster.app */;
			productType = "com.apple.product-type.application";
		};
/* End PBXNativeTarget section */

/* Begin PBXProject section */
		F36190741CA982C300777665 /* Project object */ = {
			isa = PBXProject;
			attributes = {
				LastSwiftUpdateCheck = 0730;
				LastUpgradeCheck = 0730;
				ORGANIZATIONNAME = "Gregory Yaroshenko";
				TargetAttributes = {
					F361907B1CA982C300777665 = {
						CreatedOnToolsVersion = 7.3;
					};
				};
			};
			buildConfigurationList = F36190771CA982C300777665 /* Build configuration list for PBXProject "myLittleMonster" */;
			compatibilityVersion = "Xcode 3.2";
			developmentRegion = English;
			hasScannedForEncodings = 0;
			knownRegions = (
				en,
				Base,
			);
			mainGroup = F36190731CA982C300777665;
			productRefGroup = F361907D1CA982C300777665 /* Products */;
			projectDirPath = "";
			projectRoot = "";
			targets = (
				F361907B1CA982C300777665 /* myLittleMonster */,
			);
		};
/* End PBXProject section */

/* Begin PBXResourcesBuildPhase section */
		F361907A1CA982C300777665 /* Resources */ = {
			isa = PBXResourcesBuildPhase;
			buildActionMask = 2147483647;
			files = (
				F361908A1CA982C300777665 /* LaunchScreen.storyboard in Resources */,
				F36190871CA982C300777665 /* Assets.xcassets in Resources */,
				F36190851CA982C300777665 /* Main.storyboard in Resources */,
			);
			runOnlyForDeploymentPostprocessing = 0;
		};
/* End PBXResourcesBuildPhase section */

/* Begin PBXSourcesBuildPhase section */
		F36190781CA982C300777665 /* Sources */ = {
			isa = PBXSourcesBuildPhase;
			buildActionMask = 2147483647;
			files = (
				F36190941CAD2BED00777665 /* monsterImg.swift in Sources */,
				F36190821CA982C300777665 /* ViewController.swift in Sources */,
				F36190921CAC0FFF00777665 /* dragImg.swift in Sources */,
				F36190801CA982C300777665 /* AppDelegate.swift in Sources */,
			);
			runOnlyForDeploymentPostprocessing = 0;
		};
/* End PBXSourcesBuildPhase section */

/* Begin PBXVariantGroup section */
		F36190831CA982C300777665 /* Main.storyboard */ = {
			isa = PBXVariantGroup;
			children = (
				F36190841CA982C300777665 /* Base */,
			);
			name = Main.storyboard;
			sourceTree = "<group>";
		};
		F36190881CA982C300777665 /* LaunchScreen.storyboard */ = {
			isa = PBXVariantGroup;
			children = (
				F36190891CA982C300777665 /* Base */,
			);
			name = LaunchScreen.storyboard;
			sourceTree = "<group>";
		};
/* End PBXVariantGroup section */

/* Begin XCBuildConfiguration section */
		F361908C1CA982C300777665 /* Debug */ = {
			isa = XCBuildConfiguration;
			buildSettings = {
				ALWAYS_SEARCH_USER_PATHS = NO;
				CLANG_ANALYZER_NONNULL = YES;
				CLANG_CXX_LANGUAGE_STANDARD = "gnu++0x";
				CLANG_CXX_LIBRARY = "libc++";
				CLANG_ENABLE_MODULES = YES;
				CLANG_ENABLE_OBJC_ARC = YES;
				CLANG_WARN_BOOL_CONVERSION = YES;
				CLANG_WARN_CONSTANT_CONVERSION = YES;
				CLANG_WARN_DIRECT_OBJC_ISA_USAGE = YES_ERROR;
				CLANG_WARN_EMPTY_BODY = YES;
				CLANG_WARN_ENUM_CONVERSION = YES;
				CLANG_WARN_INT_CONVERSION = YES;
				CLANG_WARN_OBJC_ROOT_CLASS = YES_ERROR;
				CLANG_WARN_UNREACHABLE_CODE = YES;
				CLANG_WARN__DUPLICATE_METHOD_MATCH = YES;
				"CODE_SIGN_IDENTITY[sdk=iphoneos*]" = "iPhone Developer";
				COPY_PHASE_STRIP = NO;
				DEBUG_INFORMATION_FORMAT = dwarf;
				ENABLE_STRICT_OBJC_MSGSEND = YES;
				ENABLE_TESTABILITY = YES;
				GCC_C_LANGUAGE_STANDARD = gnu99;
				GCC_DYNAMIC_NO_PIC = NO;
				GCC_NO_COMMON_BLOCKS = YES;
				GCC_OPTIMIZATION_LEVEL = 0;
				GCC_PREPROCESSOR_DEFINITIONS = (
					"DEBUG=1",
					"$(inherited)",
				);
				GCC_WARN_64_TO_32_BIT_CONVERSION = YES;
				GCC_WARN_ABOUT_RETURN_TYPE = YES_ERROR;
				GCC_WARN_UNDECLARED_SELECTOR = YES;
				GCC_WARN_UNINITIALIZED_AUTOS = YES_AGGRESSIVE;
				GCC_WARN_UNUSED_FUNCTION = YES;
				GCC_WARN_UNUSED_VARIABLE = YES;
				IPHONEOS_DEPLOYMENT_TARGET = 9.3;
				MTL_ENABLE_DEBUG_INFO = YES;
				ONLY_ACTIVE_ARCH = YES;
				SDKROOT = iphoneos;
				SWIFT_OPTIMIZATION_LEVEL = "-Onone";
				TARGETED_DEVICE_FAMILY = "1,2";
			};
			name = Debug;
		};
		F361908D1CA982C300777665 /* Release */ = {
			isa = XCBuildConfiguration;
			buildSettings = {
				ALWAYS_SEARCH_USER_PATHS = NO;
				CLANG_ANALYZER_NONNULL = YES;
				CLANG_CXX_LANGUAGE_STANDARD = "gnu++0x";
				CLANG_CXX_LIBRARY = "libc++";
				CLANG_ENABLE_MODULES = YES;
				CLANG_ENABLE_OBJC_ARC = YES;
				CLANG_WARN_BOOL_CONVERSION = YES;
				CLANG_WARN_CONSTANT_CONVERSION = YES;
				CLANG_WARN_DIRECT_OBJC_ISA_USAGE = YES_ERROR;
				CLANG_WARN_EMPTY_BODY = YES;
				CLANG_WARN_ENUM_CONVERSION = YES;
				CLANG_WARN_INT_CONVERSION = YES;
				CLANG_WARN_OBJC_ROOT_CLASS = YES_ERROR;
				CLANG_WARN_UNREACHABLE_CODE = YES;
				CLANG_WARN__DUPLICATE_METHOD_MATCH = YES;
				"CODE_SIGN_IDENTITY[sdk=iphoneos*]" = "iPhone Developer";
				COPY_PHASE_STRIP = NO;
				DEBUG_INFORMATION_FORMAT = "dwarf-with-dsym";
				ENABLE_NS_ASSERTIONS = NO;
				ENABLE_STRICT_OBJC_MSGSEND = YES;
				GCC_C_LANGUAGE_STANDARD = gnu99;
				GCC_NO_COMMON_BLOCKS = YES;
				GCC_WARN_64_TO_32_BIT_CONVERSION = YES;
				GCC_WARN_ABOUT_RETURN_TYPE = YES_ERROR;
				GCC_WARN_UNDECLARED_SELECTOR = YES;
				GCC_WARN_UNINITIALIZED_AUTOS = YES_AGGRESSIVE;
				GCC_WARN_UNUSED_FUNCTION = YES;
				GCC_WARN_UNUSED_VARIABLE = YES;
				IPHONEOS_DEPLOYMENT_TARGET = 9.3;
				MTL_ENABLE_DEBUG_INFO = NO;
				SDKROOT = iphoneos;
				TARGETED_DEVICE_FAMILY = "1,2";
				VALIDATE_PRODUCT = YES;
			};
			name = Release;
		};
		F361908F1CA982C300777665 /* Debug */ = {
			isa = XCBuildConfiguration;
			buildSettings = {
				ASSETCATALOG_COMPILER_APPICON_NAME = AppIcon;
				INFOPLIST_FILE = myLittleMonster/Info.plist;
				LD_RUNPATH_SEARCH_PATHS = "$(inherited) @executable_path/Frameworks";
				PRODUCT_BUNDLE_IDENTIFIER = com.greg.myLittleMonster;
				PRODUCT_NAME = "$(TARGET_NAME)";
			};
			name = Debug;
		};
		F36190901CA982C300777665 /* Release */ = {
			isa = XCBuildConfiguration;
			buildSettings = {
				ASSETCATALOG_COMPILER_APPICON_NAME = AppIcon;
				INFOPLIST_FILE = myLittleMonster/Info.plist;
				LD_RUNPATH_SEARCH_PATHS = "$(inherited) @executable_path/Frameworks";
				PRODUCT_BUNDLE_IDENTIFIER = com.greg.myLittleMonster;
				PRODUCT_NAME = "$(TARGET_NAME)";
			};
			name = Release;
		};
/* End XCBuildConfiguration section */

/* Begin XCConfigurationList section */
		F36190771CA982C300777665 /* Build configuration list for PBXProject "myLittleMonster" */ = {
			isa = XCConfigurationList;
			buildConfigurations = (
				F361908C1CA982C300777665 /* Debug */,
				F361908D1CA982C300777665 /* Release */,
			);
			defaultConfigurationIsVisible = 0;
			defaultConfigurationName = Release;
		};
		F361908E1CA982C300777665 /* Build configuration list for PBXNativeTarget "myLittleMonster" */ = {
			isa = XCConfigurationList;
			buildConfigurations = (
				F361908F1CA982C300777665 /* Debug */,
				F36190901CA982C300777665 /* Release */,
			);
			defaultConfigurationIsVisible = 0;
		};
/* End XCConfigurationList section */
	};
	rootObject = F36190741CA982C300777665 /* Project object */;
}
